
Microsoft Visual Studio Solution File, Format Version 12.00
# Visual Studio Version 17
VisualStudioVersion = 17.11.35312.102
MinimumVisualStudioVersion = 10.0.40219.1
Project("{FC65038C-1B2F-41E1-A629-BED71D161FFF}") = "Create-a-Custom-Service-in-D365 (USR) [Datacom]", "Create-a-Custom-Service-in-D365.rnrproj", "{CDE52E9E-7CB5-42A1-9E7A-F546BBBF0FBA}"
EndProject
Global
	GlobalSection(SolutionConfigurationPlatforms) = preSolution
		Debug|Any CPU = Debug|Any CPU
	EndGlobalSection
	GlobalSection(ProjectConfigurationPlatforms) = postSolution
		{CDE52E9E-7CB5-42A1-9E7A-F546BBBF0FBA}.Debug|Any CPU.ActiveCfg = Debug|Any CPU
		{CDE52E9E-7CB5-42A1-9E7A-F546BBBF0FBA}.Debug|Any CPU.Build.0 = Debug|Any CPU
	EndGlobalSection
	GlobalSection(SolutionProperties) = preSolution
		HideSolutionNode = FALSE
	EndGlobalSection
	GlobalSection(ExtensibilityGlobals) = postSolution
		SolutionGuid = {6DC1A2DC-B80C-4E1E-909E-161F25FA6C31}
	EndGlobalSection
	GlobalSection(CRMSolutionProperties) = preSolution
		SolutionIsBoundToCRM = True
	EndGlobalSection
EndGlobal
